// !$*UTF8*$!
{
	archiveVersion = 1;
	classes = {
	};
	objectVersion = 46;
	objects = {

/* Begin PBXBuildFile section */
		1598C1841C99C6C7006BAAB4 /* main.swift in Sources */ = {isa = PBXBuildFile; fileRef = 1598C1831C99C6C7006BAAB4 /* main.swift */; };
		1598C18B1C99C6F2006BAAB4 /* Person.swift in Sources */ = {isa = PBXBuildFile; fileRef = 1598C18A1C99C6F2006BAAB4 /* Person.swift */; };
/* End PBXBuildFile section */

/* Begin PBXCopyFilesBuildPhase section */
		1598C17E1C99C6C7006BAAB4 /* CopyFiles */ = {
			isa = PBXCopyFilesBuildPhase;
			buildActionMask = 2147483647;
			dstPath = /usr/share/man/man1/;
			dstSubfolderSpec = 0;
			files = (
			);
			runOnlyForDeploymentPostprocessing = 1;
		};
/* End PBXCopyFilesBuildPhase section */

/* Begin PBXFileReference section */
		1598C1801C99C6C7006BAAB4 /* People Database */ = {isa = PBXFileReference; explicitFileType = "compiled.mach-o.executable"; includeInIndex = 0; path = "People Database"; sourceTree = BUILT_PRODUCTS_DIR; };
		1598C1831C99C6C7006BAAB4 /* main.swift */ = {isa = PBXFileReference; lastKnownFileType = sourcecode.swift; path = main.swift; sourceTree = "<group>"; };
		1598C18A1C99C6F2006BAAB4 /* Person.swift */ = {isa = PBXFileReference; fileEncoding = 4; lastKnownFileType = sourcecode.swift; path = Person.swift; sourceTree = "<group>"; };
/* End PBXFileReference section */

/* Begin PBXFrameworksBuildPhase section */
		1598C17D1C99C6C7006BAAB4 /* Frameworks */ = {
			isa = PBXFrameworksBuildPhase;
			buildActionMask = 2147483647;
			files = (
			);
			runOnlyForDeploymentPostprocessing = 0;
		};
/* End PBXFrameworksBuildPhase section */

/* Begin PBXGroup section */
		1598C1771C99C6C7006BAAB4 = {
			isa = PBXGroup;
			children = (
				1598C18A1C99C6F2006BAAB4 /* Person.swift */,
				1598C1821C99C6C7006BAAB4 /* People Database */,
				1598C1811C99C6C7006BAAB4 /* Products */,
			);
			sourceTree = "<group>";
		};
		1598C1811C99C6C7006BAAB4 /* Products */ = {
			isa = PBXGroup;
			children = (
				1598C1801C99C6C7006BAAB4 /* People Database */,
			);
			name = Products;
			sourceTree = "<group>";
		};
		1598C1821C99C6C7006BAAB4 /* People Database */ = {
			isa = PBXGroup;
			children = (
				1598C1831C99C6C7006BAAB4 /* main.swift */,
			);
			path = "People Database";
			sourceTree = "<group>";
		};
/* End PBXGroup section */

/* Begin PBXNativeTarget section */
		1598C17F1C99C6C7006BAAB4 /* People Database */ = {
			isa = PBXNativeTarget;
			buildConfigurationList = 1598C1871C99C6C7006BAAB4 /* Build configuration list for PBXNativeTarget "People Database" */;
			buildPhases = (
				1598C17C1C99C6C7006BAAB4 /* Sources */,
				1598C17D1C99C6C7006BAAB4 /* Frameworks */,
				1598C17E1C99C6C7006BAAB4 /* CopyFiles */,
			);
			buildRules = (
			);
			dependencies = (
			);
			name = "People Database";
			productName = "People Database";
			productReference = 1598C1801C99C6C7006BAAB4 /* People Database */;
			productType = "com.apple.product-type.tool";
		};
/* End PBXNativeTarget section */

/* Begin PBXProject section */
		1598C1781C99C6C7006BAAB4 /* Project object */ = {
			isa = PBXProject;
			attributes = {
				LastSwiftUpdateCheck = 0720;
				LastUpgradeCheck = 0720;
				ORGANIZATIONNAME = "Randall Mardus";
				TargetAttributes = {
					1598C17F1C99C6C7006BAAB4 = {
						CreatedOnToolsVersion = 7.2.1;
					};
				};
			};
			buildConfigurationList = 1598C17B1C99C6C7006BAAB4 /* Build configuration list for PBXProject "People Database" */;
			compatibilityVersion = "Xcode 3.2";
			developmentRegion = English;
			hasScannedForEncodings = 0;
			knownRegions = (
				en,
			);
			mainGroup = 1598C1771C99C6C7006BAAB4;
			productRefGroup = 1598C1811C99C6C7006BAAB4 /* Products */;
			projectDirPath = "";
			projectRoot = "";
			targets = (
				1598C17F1C99C6C7006BAAB4 /* People Database */,
			);
		};
/* End PBXProject section */

/* Begin PBXSourcesBuildPhase section */
		1598C17C1C99C6C7006BAAB4 /* Sources */ = {
			isa = PBXSourcesBuildPhase;
			buildActionMask = 2147483647;
			files = (
				1598C18B1C99C6F2006BAAB4 /* Person.swift in Sources */,
				1598C1841C99C6C7006BAAB4 /* main.swift in Sources */,
			);
			runOnlyForDeploymentPostprocessing = 0;
		};
/* End PBXSourcesBuildPhase section */

/* Begin XCBuildConfiguration section */
		1598C1851C99C6C7006BAAB4 /* Debug */ = {
			isa = XCBuildConfiguration;
			buildSettings = {
				ALWAYS_SEARCH_USER_PATHS = NO;
				CLANG_CXX_LANGUAGE_STANDARD = "gnu++0x";
				CLANG_CXX_LIBRARY = "libc++";
				CLANG_ENABLE_MODULES = YES;
				CLANG_ENABLE_OBJC_ARC = YES;
				CLANG_WARN_BOOL_CONVERSION = YES;
				CLANG_WARN_CONSTANT_CONVERSION = YES;
				CLANG_WARN_DIRECT_OBJC_ISA_USAGE = YES_ERROR;
				CLANG_WARN_EMPTY_BODY = YES;
				CLANG_WARN_ENUM_CONVERSION = YES;
				CLANG_WARN_INT_CONVERSION = YES;
				CLANG_WARN_OBJC_ROOT_CLASS = YES_ERROR;
				CLANG_WARN_UNREACHABLE_CODE = YES;
				CLANG_WARN__DUPLICATE_METHOD_MATCH = YES;
				CODE_SIGN_IDENTITY = "-";
				COPY_PHASE_STRIP = NO;
				DEBUG_INFORMATION_FORMAT = dwarf;
				ENABLE_STRICT_OBJC_MSGSEND = YES;
				ENABLE_TESTABILITY = YES;
				GCC_C_LANGUAGE_STANDARD = gnu99;
				GCC_DYNAMIC_NO_PIC = NO;
				GCC_NO_COMMON_BLOCKS = YES;
				GCC_OPTIMIZATION_LEVEL = 0;
				GCC_PREPROCESSOR_DEFINITIONS = (
					"DEBUG=1",
					"$(inherited)",
				);
				GCC_WARN_64_TO_32_BIT_CONVERSION = YES;
				GCC_WARN_ABOUT_RETURN_TYPE = YES_ERROR;
				GCC_WARN_UNDECLARED_SELECTOR = YES;
				GCC_WARN_UNINITIALIZED_AUTOS = YES_AGGRESSIVE;
				GCC_WARN_UNUSED_FUNCTION = YES;
				GCC_WARN_UNUSED_VARIABLE = YES;
				MACOSX_DEPLOYMENT_TARGET = 10.10;
				MTL_ENABLE_DEBUG_INFO = YES;
				ONLY_ACTIVE_ARCH = YES;
				SDKROOT = macosx;
				SWIFT_OPTIMIZATION_LEVEL = "-Onone";
			};
			name = Debug;
		};
		1598C1861C99C6C7006BAAB4 /* Release */ = {
			isa = XCBuildConfiguration;
			buildSettings = {
				ALWAYS_SEARCH_USER_PATHS = NO;
				CLANG_CXX_LANGUAGE_STANDARD = "gnu++0x";
				CLANG_CXX_LIBRARY = "libc++";
				CLANG_ENABLE_MODULES = YES;
				CLANG_ENABLE_OBJC_ARC = YES;
				CLANG_WARN_BOOL_CONVERSION = YES;
				CLANG_WARN_CONSTANT_CONVERSION = YES;
				CLANG_WARN_DIRECT_OBJC_ISA_USAGE = YES_ERROR;
				CLANG_WARN_EMPTY_BODY = YES;
				CLANG_WARN_ENUM_CONVERSION = YES;
				CLANG_WARN_INT_CONVERSION = YES;
				CLANG_WARN_OBJC_ROOT_CLASS = YES_ERROR;
				CLANG_WARN_UNREACHABLE_CODE = YES;
				CLANG_WARN__DUPLICATE_METHOD_MATCH = YES;
				CODE_SIGN_IDENTITY = "-";
				COPY_PHASE_STRIP = NO;
				DEBUG_INFORMATION_FORMAT = "dwarf-with-dsym";
				ENABLE_NS_ASSERTIONS = NO;
				ENABLE_STRICT_OBJC_MSGSEND = YES;
				GCC_C_LANGUAGE_STANDARD = gnu99;
				GCC_NO_COMMON_BLOCKS = YES;
				GCC_WARN_64_TO_32_BIT_CONVERSION = YES;
				GCC_WARN_ABOUT_RETURN_TYPE = YES_ERROR;
				GCC_WARN_UNDECLARED_SELECTOR = YES;
				GCC_WARN_UNINITIALIZED_AUTOS = YES_AGGRESSIVE;
				GCC_WARN_UNUSED_FUNCTION = YES;
				GCC_WARN_UNUSED_VARIABLE = YES;
				MACOSX_DEPLOYMENT_TARGET = 10.10;
				MTL_ENABLE_DEBUG_INFO = NO;
				SDKROOT = macosx;
			};
			name = Release;
		};
		1598C1881C99C6C7006BAAB4 /* Debug */ = {
			isa = XCBuildConfiguration;
			buildSettings = {
				PRODUCT_NAME = "$(TARGET_NAME)";
			};
			name = Debug;
		};
		1598C1891C99C6C7006BAAB4 /* Release */ = {
			isa = XCBuildConfiguration;
			buildSettings = {
				PRODUCT_NAME = "$(TARGET_NAME)";
			};
			name = Release;
		};
/* End XCBuildConfiguration section */

/* Begin XCConfigurationList section */
		1598C17B1C99C6C7006BAAB4 /* Build configuration list for PBXProject "People Database" */ = {
			isa = XCConfigurationList;
			buildConfigurations = (
				1598C1851C99C6C7006BAAB4 /* Debug */,
				1598C1861C99C6C7006BAAB4 /* Release */,
			);
			defaultConfigurationIsVisible = 0;
			defaultConfigurationName = Release;
		};
		1598C1871C99C6C7006BAAB4 /* Build configuration list for PBXNativeTarget "People Database" */ = {
			isa = XCConfigurationList;
			buildConfigurations = (
				1598C1881C99C6C7006BAAB4 /* Debug */,
				1598C1891C99C6C7006BAAB4 /* Release */,
			);
			defaultConfigurationIsVisible = 0;
		};
/* End XCConfigurationList section */
	};
	rootObject = 1598C1781C99C6C7006BAAB4 /* Project object */;
}
